rules:
- id: defer-unlocks
  patterns:
    - pattern-either: 
      - pattern: |
          $M.Lock()
    - pattern-not-inside: |
        ...
        defer $M.Unlock()
  message: |
    Objects that can be locked should have deferred unlocks immediately after the call to Lock. 
  fix: |
    $M.Lock()
    defer $M.Unlock()
  severity: WARNING
  languages: [go]
